
Microsoft Visual Studio Solution File, Format Version 12.00
# Visual Studio Version 16
VisualStudioVersion = 16.0.31624.102
MinimumVisualStudioVersion = 10.0.40219.1
Project("{9A19103F-16F7-4668-BE54-9A1E7A4F7556}") = "Entidades", "Entidades\Entidades.csproj", "{2E468A0A-6168-4233-8992-AC860A337059}"
EndProject
Project("{9A19103F-16F7-4668-BE54-9A1E7A4F7556}") = "MiCalculadora", "MiCalculadora\MiCalculadora.csproj", "{FDF4F9A6-12AB-4FAE-9FE2-752688BDF066}"
EndProject
Global
	GlobalSection(SolutionConfigurationPlatforms) = preSolution
		Debug|Any CPU = Debug|Any CPU
		Release|Any CPU = Release|Any CPU
	EndGlobalSection
	GlobalSection(ProjectConfigurationPlatforms) = postSolution
		{2E468A0A-6168-4233-8992-AC860A337059}.Debug|Any CPU.ActiveCfg = Debug|Any CPU
		{2E468A0A-6168-4233-8992-AC860A337059}.Debug|Any CPU.Build.0 = Debug|Any CPU
		{2E468A0A-6168-4233-8992-AC860A337059}.Release|Any CPU.ActiveCfg = Release|Any CPU
		{2E468A0A-6168-4233-8992-AC860A337059}.Release|Any CPU.Build.0 = Release|Any CPU
		{FDF4F9A6-12AB-4FAE-9FE2-752688BDF066}.Debug|Any CPU.ActiveCfg = Debug|Any CPU
		{FDF4F9A6-12AB-4FAE-9FE2-752688BDF066}.Debug|Any CPU.Build.0 = Debug|Any CPU
		{FDF4F9A6-12AB-4FAE-9FE2-752688BDF066}.Release|Any CPU.ActiveCfg = Release|Any CPU
		{FDF4F9A6-12AB-4FAE-9FE2-752688BDF066}.Release|Any CPU.Build.0 = Release|Any CPU
	EndGlobalSection
	GlobalSection(SolutionProperties) = preSolution
		HideSolutionNode = FALSE
	EndGlobalSection
	GlobalSection(ExtensibilityGlobals) = postSolution
		SolutionGuid = {11788282-098D-4C43-92E2-C2F595C58990}
	EndGlobalSection
EndGlobal
